
Microsoft Visual Studio Solution File, Format Version 12.00
# Visual Studio 2012
Project("{FAE04EC0-301F-11D3-BF4B-00C04F79EFBC}") = "Web", "Web\Web.csproj", "{FE77E735-8F76-4CE5-BF4E-4AE1862524EE}"
EndProject
Project("{FAE04EC0-301F-11D3-BF4B-00C04F79EFBC}") = "Tests.Intergration", "Tests.Intergration\Tests.Intergration.csproj", "{8BECCFF8-D257-47E0-B3E3-D0C986D847A8}"
EndProject
Project("{FAE04EC0-301F-11D3-BF4B-00C04F79EFBC}") = "Tests.Unit", "Tests.Unit\Tests.Unit.csproj", "{73358F20-A66B-4251-AA72-AC7EACA83628}"
EndProject
Global
	GlobalSection(SolutionConfigurationPlatforms) = preSolution
		Debug|Any CPU = Debug|Any CPU
		Release|Any CPU = Release|Any CPU
	EndGlobalSection
	GlobalSection(ProjectConfigurationPlatforms) = postSolution
		{FE77E735-8F76-4CE5-BF4E-4AE1862524EE}.Debug|Any CPU.ActiveCfg = Debug|Any CPU
		{FE77E735-8F76-4CE5-BF4E-4AE1862524EE}.Debug|Any CPU.Build.0 = Debug|Any CPU
		{FE77E735-8F76-4CE5-BF4E-4AE1862524EE}.Release|Any CPU.ActiveCfg = Release|Any CPU
		{FE77E735-8F76-4CE5-BF4E-4AE1862524EE}.Release|Any CPU.Build.0 = Release|Any CPU
		{8BECCFF8-D257-47E0-B3E3-D0C986D847A8}.Debug|Any CPU.ActiveCfg = Debug|Any CPU
		{8BECCFF8-D257-47E0-B3E3-D0C986D847A8}.Debug|Any CPU.Build.0 = Debug|Any CPU
		{8BECCFF8-D257-47E0-B3E3-D0C986D847A8}.Release|Any CPU.ActiveCfg = Release|Any CPU
		{8BECCFF8-D257-47E0-B3E3-D0C986D847A8}.Release|Any CPU.Build.0 = Release|Any CPU
		{73358F20-A66B-4251-AA72-AC7EACA83628}.Debug|Any CPU.ActiveCfg = Debug|Any CPU
		{73358F20-A66B-4251-AA72-AC7EACA83628}.Debug|Any CPU.Build.0 = Debug|Any CPU
		{73358F20-A66B-4251-AA72-AC7EACA83628}.Release|Any CPU.ActiveCfg = Release|Any CPU
		{73358F20-A66B-4251-AA72-AC7EACA83628}.Release|Any CPU.Build.0 = Release|Any CPU
	EndGlobalSection
	GlobalSection(SolutionProperties) = preSolution
		HideSolutionNode = FALSE
	EndGlobalSection
EndGlobal
